{
    "_readme": [
        "This file locks the dependencies of your project to a known state",
        "Read more about it at https://getcomposer.org/doc/01-basic-usage.md#installing-dependencies",
        "This file is @generated automatically"
    ],
    "content-hash": "13efa11bc8e1abb2f874a838b7097e77",
    "packages": [
        {
            "name": "nette/utils",
            "version": "dev-master",
            "source": {
                "type": "git",
                "url": "https://github.com/nette/utils.git",
                "reference": "e86fe5f00e31199f50cf1630f900d6772d3888db"
            },
            "dist": {
                "type": "zip",
                "url": "https://api.github.com/repos/nette/utils/zipball/e86fe5f00e31199f50cf1630f900d6772d3888db",
                "reference": "e86fe5f00e31199f50cf1630f900d6772d3888db",
                "shasum": ""
            },
            "require": {
                "php": ">=8.0 <8.2"
            },
            "conflict": {
                "nette/di": "<3.0.6"
            },
            "require-dev": {
                "nette/tester": "^2.4",
                "phpstan/phpstan": "^1.0",
                "tracy/tracy": "^2.8"
            },
            "suggest": {
                "ext-gd": "to use Image",
                "ext-iconv": "to use Strings::webalize(), toAscii(), chr() and reverse()",
                "ext-intl": "to use Strings::webalize(), toAscii(), normalize() and compare()",
                "ext-json": "to use Nette\\Utils\\Json",
                "ext-mbstring": "to use Strings::lower() etc...",
                "ext-tokenizer": "to use Nette\\Utils\\Reflection::getUseStatements()",
                "ext-xml": "to use Strings::length() etc. when mbstring is not available"
            },
            "default-branch": true,
            "type": "library",
            "extra": {
                "branch-alias": {
                    "dev-master": "4.0-dev"
                }
            },
            "autoload": {
                "classmap": [
                    "src/"
                ]
            },
            "notification-url": "https://packagist.org/downloads/",
            "license": [
                "BSD-3-Clause",
                "GPL-2.0-only",
                "GPL-3.0-only"
            ],
            "authors": [
                {
                    "name": "David Grudl",
                    "homepage": "https://davidgrudl.com"
                },
                {
                    "name": "Nette Community",
                    "homepage": "https://nette.org/contributors"
                }
            ],
            "description": "🛠  Nette Utils: lightweight utilities for string & array manipulation, image handling, safe JSON encoding/decoding, validation, slug or strong password generating etc.",
            "homepage": "https://nette.org",
            "keywords": [
                "array",
                "core",
                "datetime",
                "images",
                "json",
                "nette",
                "paginator",
                "password",
                "slugify",
                "string",
                "unicode",
                "utf-8",
                "utility",
                "validation"
            ],
            "support": {
                "issues": "https://github.com/nette/utils/issues",
                "source": "https://github.com/nette/utils/tree/master"
            },
            "time": "2022-01-10T17:25:07+00:00"
        }
    ],
    "packages-dev": [
        {
            "name": "nette/tester",
            "version": "dev-master",
            "source": {
                "type": "git",
                "url": "https://github.com/nette/tester.git",
                "reference": "f0813777cc0417c6ff8433776d13a01be74422c5"
            },
            "dist": {
                "type": "zip",
                "url": "https://api.github.com/repos/nette/tester/zipball/f0813777cc0417c6ff8433776d13a01be74422c5",
                "reference": "f0813777cc0417c6ff8433776d13a01be74422c5",
                "shasum": ""
            },
            "require": {
                "php": ">=7.2 <8.2"
            },
            "require-dev": {
                "ext-simplexml": "*",
                "phpstan/phpstan": "^1.0"
            },
            "default-branch": true,
            "bin": [
                "src/tester"
            ],
            "type": "library",
            "extra": {
                "branch-alias": {
                    "dev-master": "2.4-dev"
                }
            },
            "autoload": {
                "classmap": [
                    "src/"
                ]
            },
            "notification-url": "https://packagist.org/downloads/",
            "license": [
                "BSD-3-Clause",
                "GPL-2.0-only",
                "GPL-3.0-only"
            ],
            "authors": [
                {
                    "name": "David Grudl",
                    "homepage": "https://davidgrudl.com"
                },
                {
                    "name": "Miloslav Hůla",
                    "homepage": "https://github.com/milo"
                },
                {
                    "name": "Nette Community",
                    "homepage": "https://nette.org/contributors"
                }
            ],
            "description": "Nette Tester: enjoyable unit testing in PHP with code coverage reporter. 🍏🍏🍎🍏",
            "homepage": "https://tester.nette.org",
            "keywords": [
                "Xdebug",
                "assertions",
                "clover",
                "code coverage",
                "nette",
                "pcov",
                "phpdbg",
                "phpunit",
                "testing",
                "unit"
            ],
            "support": {
                "issues": "https://github.com/nette/tester/issues",
                "source": "https://github.com/nette/tester/tree/master"
            },
            "time": "2021-12-12T17:32:54+00:00"
        },
        {
            "name": "phpstan/phpstan",
            "version": "dev-master",
            "source": {
                "type": "git",
                "url": "https://github.com/phpstan/phpstan.git",
                "reference": "f9b9d8c50df7db1b19bcad5a20e50851fe755fa1"
            },
            "dist": {
                "type": "zip",
                "url": "https://api.github.com/repos/phpstan/phpstan/zipball/f9b9d8c50df7db1b19bcad5a20e50851fe755fa1",
                "reference": "f9b9d8c50df7db1b19bcad5a20e50851fe755fa1",
                "shasum": ""
            },
            "require": {
                "php": "^7.1|^8.0"
            },
            "conflict": {
                "phpstan/phpstan-shim": "*"
            },
            "default-branch": true,
            "bin": [
                "phpstan",
                "phpstan.phar"
            ],
            "type": "library",
            "extra": {
                "branch-alias": {
                    "dev-master": "1.4-dev"
                }
            },
            "autoload": {
                "files": [
                    "bootstrap.php"
                ]
            },
            "notification-url": "https://packagist.org/downloads/",
            "license": [
                "MIT"
            ],
            "description": "PHPStan - PHP Static Analysis Tool",
            "support": {
                "issues": "https://github.com/phpstan/phpstan/issues",
                "source": "https://github.com/phpstan/phpstan/tree/master"
            },
            "funding": [
                {
                    "url": "https://github.com/ondrejmirtes",
                    "type": "github"
                },
                {
                    "url": "https://github.com/phpstan",
                    "type": "github"
                },
                {
                    "url": "https://www.patreon.com/phpstan",
                    "type": "patreon"
                },
                {
                    "url": "https://tidelift.com/funding/github/packagist/phpstan/phpstan",
                    "type": "tidelift"
                }
            ],
            "time": "2022-01-11T09:35:09+00:00"
        },
        {
            "name": "phpstan/phpstan-deprecation-rules",
            "version": "dev-master",
            "source": {
                "type": "git",
                "url": "https://github.com/phpstan/phpstan-deprecation-rules.git",
                "reference": "fb17fd1bd448120411f1a23453f816a2f4c4a435"
            },
            "dist": {
                "type": "zip",
                "url": "https://api.github.com/repos/phpstan/phpstan-deprecation-rules/zipball/fb17fd1bd448120411f1a23453f816a2f4c4a435",
                "reference": "fb17fd1bd448120411f1a23453f816a2f4c4a435",
                "shasum": ""
            },
            "require": {
                "php": "^7.1 || ^8.0",
                "phpstan/phpstan": "^1.3"
            },
            "require-dev": {
                "php-parallel-lint/php-parallel-lint": "^1.2",
                "phpstan/phpstan-php-parser": "^1.1",
                "phpstan/phpstan-phpunit": "^1.0",
                "phpunit/phpunit": "^9.5"
            },
            "default-branch": true,
            "type": "phpstan-extension",
            "extra": {
                "branch-alias": {
                    "dev-master": "1.0-dev"
                },
                "phpstan": {
                    "includes": [
                        "rules.neon"
                    ]
                }
            },
            "autoload": {
                "psr-4": {
                    "PHPStan\\": "src/"
                }
            },
            "notification-url": "https://packagist.org/downloads/",
            "license": [
                "MIT"
            ],
            "description": "PHPStan rules for detecting usage of deprecated classes, methods, properties, constants and traits.",
            "support": {
                "issues": "https://github.com/phpstan/phpstan-deprecation-rules/issues",
                "source": "https://github.com/phpstan/phpstan-deprecation-rules/tree/master"
            },
            "time": "2022-01-06T12:49:01+00:00"
        },
        {
            "name": "phpstan/phpstan-nette",
            "version": "dev-master",
            "source": {
                "type": "git",
                "url": "https://github.com/phpstan/phpstan-nette.git",
                "reference": "aff8ab9de20b401c4730459b4fc16a81ebdf65c6"
            },
            "dist": {
                "type": "zip",
                "url": "https://api.github.com/repos/phpstan/phpstan-nette/zipball/aff8ab9de20b401c4730459b4fc16a81ebdf65c6",
                "reference": "aff8ab9de20b401c4730459b4fc16a81ebdf65c6",
                "shasum": ""
            },
            "require": {
                "php": "^7.1 || ^8.0",
                "phpstan/phpstan": "^1.3"
            },
            "conflict": {
                "nette/application": "<2.3.0",
                "nette/component-model": "<2.3.0",
                "nette/di": "<2.3.0",
                "nette/forms": "<2.3.0",
                "nette/http": "<2.3.0",
                "nette/utils": "<2.3.0"
            },
            "require-dev": {
                "nette/forms": "^3.0",
                "nette/utils": "^2.3.0 || ^3.0.0",
                "nikic/php-parser": "^4.13.2",
                "php-parallel-lint/php-parallel-lint": "^1.2",
                "phpstan/phpstan-php-parser": "^1.1",
                "phpstan/phpstan-phpunit": "^1.0",
                "phpstan/phpstan-strict-rules": "^1.0",
                "phpunit/phpunit": "^9.5"
            },
            "default-branch": true,
            "type": "phpstan-extension",
            "extra": {
                "branch-alias": {
                    "dev-master": "1.0-dev"
                },
                "phpstan": {
                    "includes": [
                        "extension.neon",
                        "rules.neon"
                    ]
                }
            },
            "autoload": {
                "psr-4": {
                    "PHPStan\\": "src/"
                }
            },
            "notification-url": "https://packagist.org/downloads/",
            "license": [
                "MIT"
            ],
            "description": "Nette Framework class reflection extension for PHPStan",
            "support": {
                "issues": "https://github.com/phpstan/phpstan-nette/issues",
                "source": "https://github.com/phpstan/phpstan-nette/tree/master"
            },
            "time": "2022-01-06T12:49:08+00:00"
        },
        {
            "name": "phpstan/phpstan-strict-rules",
            "version": "dev-master",
            "source": {
                "type": "git",
                "url": "https://github.com/phpstan/phpstan-strict-rules.git",
                "reference": "3468390c72c1d9094c1059350f793378df2d1ed7"
            },
            "dist": {
                "type": "zip",
                "url": "https://api.github.com/repos/phpstan/phpstan-strict-rules/zipball/3468390c72c1d9094c1059350f793378df2d1ed7",
                "reference": "3468390c72c1d9094c1059350f793378df2d1ed7",
                "shasum": ""
            },
            "require": {
                "php": "^7.1 || ^8.0",
                "phpstan/phpstan": "^1.2.0"
            },
            "require-dev": {
                "nikic/php-parser": "^4.13.0",
                "php-parallel-lint/php-parallel-lint": "^1.2",
                "phpstan/phpstan-phpunit": "^1.0",
                "phpunit/phpunit": "^9.5"
            },
            "default-branch": true,
            "type": "phpstan-extension",
            "extra": {
                "branch-alias": {
                    "dev-master": "1.1-dev"
                },
                "phpstan": {
                    "includes": [
                        "rules.neon"
                    ]
                }
            },
            "autoload": {
                "psr-4": {
                    "PHPStan\\": "src/"
                }
            },
            "notification-url": "https://packagist.org/downloads/",
            "license": [
                "MIT"
            ],
            "description": "Extra strict and opinionated rules for PHPStan",
            "support": {
                "issues": "https://github.com/phpstan/phpstan-strict-rules/issues",
                "source": "https://github.com/phpstan/phpstan-strict-rules/tree/master"
            },
            "time": "2022-01-06T12:35:54+00:00"
        },
        {
            "name": "rector/rector",
            "version": "dev-main",
            "source": {
                "type": "git",
                "url": "https://github.com/rectorphp/rector.git",
                "reference": "a5aef684ff59bc48be5a7f909241638c9c3a8275"
            },
            "dist": {
                "type": "zip",
                "url": "https://api.github.com/repos/rectorphp/rector/zipball/a5aef684ff59bc48be5a7f909241638c9c3a8275",
                "reference": "a5aef684ff59bc48be5a7f909241638c9c3a8275",
                "shasum": ""
            },
            "require": {
                "php": "^7.1|^8.0",
                "phpstan/phpstan": "^1.3"
            },
            "conflict": {
                "phpstan/phpdoc-parser": "<1.2",
                "rector/rector-cakephp": "*",
                "rector/rector-doctrine": "*",
                "rector/rector-laravel": "*",
                "rector/rector-nette": "*",
                "rector/rector-phpoffice": "*",
                "rector/rector-phpunit": "*",
                "rector/rector-prefixed": "*",
                "rector/rector-symfony": "*"
            },
            "default-branch": true,
            "bin": [
                "bin/rector"
            ],
            "type": "library",
            "extra": {
                "branch-alias": {
                    "dev-main": "0.12-dev"
                }
            },
            "autoload": {
                "files": [
                    "bootstrap.php"
                ]
            },
            "notification-url": "https://packagist.org/downloads/",
            "license": [
                "MIT"
            ],
            "description": "Prefixed and PHP 7.1 downgraded version of rector/rector",
            "support": {
                "issues": "https://github.com/rectorphp/rector/issues",
                "source": "https://github.com/rectorphp/rector/tree/main"
            },
            "funding": [
                {
                    "url": "https://github.com/tomasvotruba",
                    "type": "github"
                }
            ],
            "time": "2022-01-10T00:03:45+00:00"
        },
        {
            "name": "stanislav-janu/phpstan",
            "version": "v1.0",
            "source": {
                "type": "git",
                "url": "https://github.com/stanislav-janu/phpstan.git",
                "reference": "f106f26f138fae5c095061e7adaff8953df23904"
            },
            "dist": {
                "type": "zip",
                "url": "https://api.github.com/repos/stanislav-janu/phpstan/zipball/f106f26f138fae5c095061e7adaff8953df23904",
                "reference": "f106f26f138fae5c095061e7adaff8953df23904",
                "shasum": ""
            },
            "require": {
                "php": ">= 8.0",
                "phpstan/phpstan": "^1.0",
                "phpstan/phpstan-deprecation-rules": "^1.0",
                "phpstan/phpstan-nette": "^1.0",
                "phpstan/phpstan-strict-rules": "^1.0",
                "thecodingmachine/phpstan-safe-rule": "^1.1"
            },
            "type": "library",
            "notification-url": "https://packagist.org/downloads/",
            "license": [
                "MIT"
            ],
            "authors": [
                {
                    "name": "Stanislav Janů",
                    "homepage": "http://janu.software"
                }
            ],
            "description": "PhpStan bundle",
            "homepage": "https://janu.software",
            "support": {
                "issues": "https://github.com/stanislav-janu/phpstan/issues",
                "source": "https://github.com/stanislav-janu/phpstan/tree/v1.0"
            },
            "time": "2021-12-08T11:49:28+00:00"
        },
        {
            "name": "thecodingmachine/phpstan-safe-rule",
            "version": "dev-master",
            "source": {
                "type": "git",
                "url": "https://github.com/thecodingmachine/phpstan-safe-rule.git",
                "reference": "71bd8c11aee95a79d2cf3f03200d38605bde2930"
            },
            "dist": {
                "type": "zip",
                "url": "https://api.github.com/repos/thecodingmachine/phpstan-safe-rule/zipball/71bd8c11aee95a79d2cf3f03200d38605bde2930",
                "reference": "71bd8c11aee95a79d2cf3f03200d38605bde2930",
                "shasum": ""
            },
            "require": {
                "php": "^7.1 || ^8.0",
                "phpstan/phpstan": "^1.0",
                "thecodingmachine/safe": "^1.0"
            },
            "require-dev": {
                "php-coveralls/php-coveralls": "^2.1",
                "phpunit/phpunit": "^7.5.2",
                "squizlabs/php_codesniffer": "^3.4"
            },
            "default-branch": true,
            "type": "phpstan-extension",
            "extra": {
                "branch-alias": {
                    "dev-master": "1.1-dev"
                },
                "phpstan": {
                    "includes": [
                        "phpstan-safe-rule.neon"
                    ]
                }
            },
            "autoload": {
                "psr-4": {
                    "TheCodingMachine\\Safe\\PHPStan\\": "src/"
                }
            },
            "notification-url": "https://packagist.org/downloads/",
            "license": [
                "MIT"
            ],
            "authors": [
                {
                    "name": "David Négrier",
                    "email": "d.negrier@thecodingmachine.com"
                }
            ],
            "description": "A PHPStan rule to detect safety issues. Must be used in conjunction with thecodingmachine/safe",
            "support": {
                "issues": "https://github.com/thecodingmachine/phpstan-safe-rule/issues",
                "source": "https://github.com/thecodingmachine/phpstan-safe-rule/tree/v1.1.0"
            },
            "time": "2021-11-17T11:21:46+00:00"
        },
        {
            "name": "thecodingmachine/safe",
            "version": "1.x-dev",
            "source": {
                "type": "git",
                "url": "https://github.com/thecodingmachine/safe.git",
                "reference": "194bf34f635a82d3acd5a88c833f9ca4507f86f6"
            },
            "dist": {
                "type": "zip",
                "url": "https://api.github.com/repos/thecodingmachine/safe/zipball/194bf34f635a82d3acd5a88c833f9ca4507f86f6",
                "reference": "194bf34f635a82d3acd5a88c833f9ca4507f86f6",
                "shasum": ""
            },
            "require": {
                "php": ">=7.2"
            },
            "require-dev": {
                "phpstan/phpstan": "^0.12",
                "squizlabs/php_codesniffer": "^3.2",
                "thecodingmachine/phpstan-strict-rules": "^0.12"
            },
            "type": "library",
            "extra": {
                "branch-alias": {
                    "dev-master": "0.1-dev"
                }
            },
            "autoload": {
                "psr-4": {
                    "Safe\\": [
                        "lib/",
                        "deprecated/",
                        "generated/"
                    ]
                },
                "files": [
                    "deprecated/apc.php",
                    "deprecated/libevent.php",
                    "deprecated/mssql.php",
                    "deprecated/stats.php",
                    "lib/special_cases.php",
                    "generated/apache.php",
                    "generated/apcu.php",
                    "generated/array.php",
                    "generated/bzip2.php",
                    "generated/calendar.php",
                    "generated/classobj.php",
                    "generated/com.php",
                    "generated/cubrid.php",
                    "generated/curl.php",
                    "generated/datetime.php",
                    "generated/dir.php",
                    "generated/eio.php",
                    "generated/errorfunc.php",
                    "generated/exec.php",
                    "generated/fileinfo.php",
                    "generated/filesystem.php",
                    "generated/filter.php",
                    "generated/fpm.php",
                    "generated/ftp.php",
                    "generated/funchand.php",
                    "generated/gmp.php",
                    "generated/gnupg.php",
                    "generated/hash.php",
                    "generated/ibase.php",
                    "generated/ibmDb2.php",
                    "generated/iconv.php",
                    "generated/image.php",
                    "generated/imap.php",
                    "generated/info.php",
                    "generated/ingres-ii.php",
                    "generated/inotify.php",
                    "generated/json.php",
                    "generated/ldap.php",
                    "generated/libxml.php",
                    "generated/lzf.php",
                    "generated/mailparse.php",
                    "generated/mbstring.php",
                    "generated/misc.php",
                    "generated/msql.php",
                    "generated/mysql.php",
                    "generated/mysqli.php",
                    "generated/mysqlndMs.php",
                    "generated/mysqlndQc.php",
                    "generated/network.php",
                    "generated/oci8.php",
                    "generated/opcache.php",
                    "generated/openssl.php",
                    "generated/outcontrol.php",
                    "generated/password.php",
                    "generated/pcntl.php",
                    "generated/pcre.php",
                    "generated/pdf.php",
                    "generated/pgsql.php",
                    "generated/posix.php",
                    "generated/ps.php",
                    "generated/pspell.php",
                    "generated/readline.php",
                    "generated/rpminfo.php",
                    "generated/rrd.php",
                    "generated/sem.php",
                    "generated/session.php",
                    "generated/shmop.php",
                    "generated/simplexml.php",
                    "generated/sockets.php",
                    "generated/sodium.php",
                    "generated/solr.php",
                    "generated/spl.php",
                    "generated/sqlsrv.php",
                    "generated/ssdeep.php",
                    "generated/ssh2.php",
                    "generated/stream.php",
                    "generated/strings.php",
                    "generated/swoole.php",
                    "generated/uodbc.php",
                    "generated/uopz.php",
                    "generated/url.php",
                    "generated/var.php",
                    "generated/xdiff.php",
                    "generated/xml.php",
                    "generated/xmlrpc.php",
                    "generated/yaml.php",
                    "generated/yaz.php",
                    "generated/zip.php",
                    "generated/zlib.php"
                ]
            },
            "notification-url": "https://packagist.org/downloads/",
            "license": [
                "MIT"
            ],
            "description": "PHP core functions that throw exceptions instead of returning FALSE on error",
            "support": {
                "issues": "https://github.com/thecodingmachine/safe/issues",
                "source": "https://github.com/thecodingmachine/safe/tree/1.x"
            },
            "time": "2022-01-03T15:01:15+00:00"
        }
    ],
    "aliases": [],
    "minimum-stability": "dev",
    "stability-flags": {
        "nette/utils": 20
    },
    "prefer-stable": false,
    "prefer-lowest": false,
    "platform": {
        "php": ">=8.0 <8.2"
    },
    "platform-dev": [],
    "plugin-api-version": "2.2.0"
}
